
Microsoft Visual Studio Solution File, Format Version 12.00
# Visual Studio 15
VisualStudioVersion = 15.0.27703.2000
MinimumVisualStudioVersion = 10.0.40219.1
Project("{9A19103F-16F7-4668-BE54-9A1E7A4F7556}") = "SchedulingTasksWithPenalty", "SchedulingTasksWithPenalty\SchedulingTasksWithPenalty.csproj", "{9931B469-DE8C-4422-AE71-30B5AAD87C1C}"
EndProject
Global
	GlobalSection(SolutionConfigurationPlatforms) = preSolution
		Debug|Any CPU = Debug|Any CPU
		Release|Any CPU = Release|Any CPU
	EndGlobalSection
	GlobalSection(ProjectConfigurationPlatforms) = postSolution
		{9931B469-DE8C-4422-AE71-30B5AAD87C1C}.Debug|Any CPU.ActiveCfg = Debug|Any CPU
		{9931B469-DE8C-4422-AE71-30B5AAD87C1C}.Debug|Any CPU.Build.0 = Debug|Any CPU
		{9931B469-DE8C-4422-AE71-30B5AAD87C1C}.Release|Any CPU.ActiveCfg = Release|Any CPU
		{9931B469-DE8C-4422-AE71-30B5AAD87C1C}.Release|Any CPU.Build.0 = Release|Any CPU
	EndGlobalSection
	GlobalSection(SolutionProperties) = preSolution
		HideSolutionNode = FALSE
	EndGlobalSection
	GlobalSection(ExtensibilityGlobals) = postSolution
		SolutionGuid = {8B375BCD-4673-493F-8046-A80EE58A1663}
	EndGlobalSection
EndGlobal
